{
  "requires": true,
  "lockfileVersion": 1,
  "dependencies": {
    "@figma/plugin-typings": {
      "version": "1.52.0",
      "resolved": "https://registry.npmjs.org/@figma/plugin-typings/-/plugin-typings-1.52.0.tgz",
      "integrity": "sha512-+zl8UvZDd6AcbdWYlbc4TFBVN7Z4I5czBI5pG/gsFzewY1bjSxt8KLrltedjQy3X0Vwa5yqbLROhQA8Hw0umIQ==",
      "dev": true
    }
  }
}
